# This file is automatically @generated by Cargo.
# It is not intended for manual editing.
version = 3

[[package]]
name = "test-git-binary"
version = "0.1.0"
dependencies = [
 "test-git-library",
]

[[package]]
name = "test-git-library"
version = "0.1.0"
source = "git+https://github.com/neopalm2050/test-private-library-repo.git?branch=main#30f831fdf0da5ef0dedc090be16c146bd7847401"
